
Microsoft Visual Studio Solution File, Format Version 12.00
# Visual Studio 15
VisualStudioVersion = 15.0.28307.779
MinimumVisualStudioVersion = 10.0.40219.1
Project("{FAE04EC0-301F-11D3-BF4B-00C04F79EFBC}") = "EstadosBrasileirosComRegiao", "EstadosBrasileirosComRegiao\EstadosBrasileirosComRegiao.csproj", "{CEAC2CB3-9506-4927-ADC5-34ED184254E7}"
EndProject
Project("{2150E333-8FDC-42A3-9474-1A3956D46DE8}") = "Demos", "Demos", "{5B84B648-3AD5-4DD1-A24C-0C60C1C4AB58}"
EndProject
Project("{FAE04EC0-301F-11D3-BF4B-00C04F79EFBC}") = "ConsoleDotnetCore", "ConsoleDotnetCore\ConsoleDotnetCore.csproj", "{591600C8-2851-47A1-B102-8B7ABE1D2B44}"
EndProject
Project("{FAE04EC0-301F-11D3-BF4B-00C04F79EFBC}") = "ConsoleDotnetFramework", "ConsoleDotnetFramework\ConsoleDotnetFramework.csproj", "{48D814F4-DD6F-4120-8956-ADEB763B1D56}"
EndProject
Project("{FAE04EC0-301F-11D3-BF4B-00C04F79EFBC}") = "WebApiDotnetCore", "WebApiDotnetCore\WebApiDotnetCore.csproj", "{AB1692DC-F9C1-41FB-97EF-E74A8BCD0E63}"
EndProject
Global
	GlobalSection(SolutionConfigurationPlatforms) = preSolution
		Debug|Any CPU = Debug|Any CPU
		Release|Any CPU = Release|Any CPU
	EndGlobalSection
	GlobalSection(ProjectConfigurationPlatforms) = postSolution
		{CEAC2CB3-9506-4927-ADC5-34ED184254E7}.Debug|Any CPU.ActiveCfg = Debug|Any CPU
		{CEAC2CB3-9506-4927-ADC5-34ED184254E7}.Debug|Any CPU.Build.0 = Debug|Any CPU
		{CEAC2CB3-9506-4927-ADC5-34ED184254E7}.Release|Any CPU.ActiveCfg = Release|Any CPU
		{CEAC2CB3-9506-4927-ADC5-34ED184254E7}.Release|Any CPU.Build.0 = Release|Any CPU
		{591600C8-2851-47A1-B102-8B7ABE1D2B44}.Debug|Any CPU.ActiveCfg = Debug|Any CPU
		{591600C8-2851-47A1-B102-8B7ABE1D2B44}.Debug|Any CPU.Build.0 = Debug|Any CPU
		{591600C8-2851-47A1-B102-8B7ABE1D2B44}.Release|Any CPU.ActiveCfg = Release|Any CPU
		{591600C8-2851-47A1-B102-8B7ABE1D2B44}.Release|Any CPU.Build.0 = Release|Any CPU
		{48D814F4-DD6F-4120-8956-ADEB763B1D56}.Debug|Any CPU.ActiveCfg = Debug|Any CPU
		{48D814F4-DD6F-4120-8956-ADEB763B1D56}.Debug|Any CPU.Build.0 = Debug|Any CPU
		{48D814F4-DD6F-4120-8956-ADEB763B1D56}.Release|Any CPU.ActiveCfg = Release|Any CPU
		{48D814F4-DD6F-4120-8956-ADEB763B1D56}.Release|Any CPU.Build.0 = Release|Any CPU
		{AB1692DC-F9C1-41FB-97EF-E74A8BCD0E63}.Debug|Any CPU.ActiveCfg = Debug|Any CPU
		{AB1692DC-F9C1-41FB-97EF-E74A8BCD0E63}.Debug|Any CPU.Build.0 = Debug|Any CPU
		{AB1692DC-F9C1-41FB-97EF-E74A8BCD0E63}.Release|Any CPU.ActiveCfg = Release|Any CPU
		{AB1692DC-F9C1-41FB-97EF-E74A8BCD0E63}.Release|Any CPU.Build.0 = Release|Any CPU
	EndGlobalSection
	GlobalSection(SolutionProperties) = preSolution
		HideSolutionNode = FALSE
	EndGlobalSection
	GlobalSection(NestedProjects) = preSolution
		{591600C8-2851-47A1-B102-8B7ABE1D2B44} = {5B84B648-3AD5-4DD1-A24C-0C60C1C4AB58}
		{48D814F4-DD6F-4120-8956-ADEB763B1D56} = {5B84B648-3AD5-4DD1-A24C-0C60C1C4AB58}
		{AB1692DC-F9C1-41FB-97EF-E74A8BCD0E63} = {5B84B648-3AD5-4DD1-A24C-0C60C1C4AB58}
	EndGlobalSection
	GlobalSection(ExtensibilityGlobals) = postSolution
		SolutionGuid = {95CBC40F-4173-4BA0-B151-446E645A67F8}
	EndGlobalSection
EndGlobal
